
Microsoft Visual Studio Solution File, Format Version 12.00
# Visual Studio Version 16
VisualStudioVersion = 16.0.31105.61
MinimumVisualStudioVersion = 10.0.40219.1
Project("{FAE04EC0-301F-11D3-BF4B-00C04F79EFBC}") = "uiTestingCsharp", "uiTestingCsharp\uiTestingCsharp.csproj", "{33874C71-B7DA-43C1-B352-4DFB8F699654}"
EndProject
Global
	GlobalSection(SolutionConfigurationPlatforms) = preSolution
		Debug|Any CPU = Debug|Any CPU
		Release|Any CPU = Release|Any CPU
	EndGlobalSection
	GlobalSection(ProjectConfigurationPlatforms) = postSolution
		{33874C71-B7DA-43C1-B352-4DFB8F699654}.Debug|Any CPU.ActiveCfg = Debug|Any CPU
		{33874C71-B7DA-43C1-B352-4DFB8F699654}.Debug|Any CPU.Build.0 = Debug|Any CPU
		{33874C71-B7DA-43C1-B352-4DFB8F699654}.Release|Any CPU.ActiveCfg = Release|Any CPU
		{33874C71-B7DA-43C1-B352-4DFB8F699654}.Release|Any CPU.Build.0 = Release|Any CPU
	EndGlobalSection
	GlobalSection(SolutionProperties) = preSolution
		HideSolutionNode = FALSE
	EndGlobalSection
	GlobalSection(ExtensibilityGlobals) = postSolution
		SolutionGuid = {CDCF9F16-0FEB-460C-A329-062148D12363}
	EndGlobalSection
EndGlobal
